lockfileVersion: 5.4

importers:

  .:
    specifiers:
      turbo: ^1.9.0
    devDependencies:
      turbo: 1.9.0

  packages/interfaces:
    specifiers:
      typescript: ^5.0.4
    devDependencies:
      typescript: 5.0.4

packages:

  /turbo-darwin-64/1.9.0:
    resolution: {integrity: sha512-snJkC0RRFEQ7STIYbJVDrQzkRaU3b1cgM5PIrWx6elf79HA4Lm50sXbjpWJPsdwxfnvIKcpsAtBsDeR47iqnMQ==}
    cpu: [x64]
    os: [darwin]
    requiresBuild: true
    dev: true
    optional: true

  /turbo-darwin-arm64/1.9.0:
    resolution: {integrity: sha512-+4MDDtRdKe8VMG9YU7J3c6kokpKVV4ELw6iThtO7jwz5DiGy5eTKGNtr5kHkPk3SffUQ0DZTQ/YSJsBC+6LLlA==}
    cpu: [arm64]
    os: [darwin]
    requiresBuild: true
    dev: true
    optional: true

  /turbo-linux-64/1.9.0:
    resolution: {integrity: sha512-pEyj6VFo1RYwMqA6BLPHYViRIbE/R1KMAoQFW/qr9vTIT6kuMw1OiL0f/ZJ3AgY5V2mwGQT9Qg2HAH1CIEnH4Q==}
    cpu: [x64]
    os: [linux]
    requiresBuild: true
    dev: true
    optional: true

  /turbo-linux-arm64/1.9.0:
    resolution: {integrity: sha512-bwwa3X1ZzFkGsHsXDwAdW+akcKnGVNMmEtFULvh/2UALdslobttO7CiNBot7F+Sf5CfFZivYu5MEuYA/+Kvt7Q==}
    cpu: [arm64]
    os: [linux]
    requiresBuild: true
    dev: true
    optional: true

  /turbo-windows-64/1.9.0:
    resolution: {integrity: sha512-GMvbmXNHJVuLwbgqxQjXTFE4GHjzj3hVE+xZEKlEQWJ0cD+OGrVMqYMGxjVO5Ffbd3aHI9OECAmQw18qHWi1AA==}
    cpu: [x64]
    os: [win32]
    requiresBuild: true
    dev: true
    optional: true

  /turbo-windows-arm64/1.9.0:
    resolution: {integrity: sha512-oeePkdHoXit+rBzAT4iqn9hTUWXguKvqsZpJbFKr7JKLKtfeGwsXtyhCtkWIpBBQMT+hkGTBURMr9mHuS3sUPA==}
    cpu: [arm64]
    os: [win32]
    requiresBuild: true
    dev: true
    optional: true

  /turbo/1.9.0:
    resolution: {integrity: sha512-W99+hwuisT/d9wcr5/KnAJYCQwm3xApbxLTLBRMOEti3iaweRSQIKFCVhdGccaDuu6b0zvE/4bTB6C3qJc8bgw==}
    hasBin: true
    requiresBuild: true
    optionalDependencies:
      turbo-darwin-64: 1.9.0
      turbo-darwin-arm64: 1.9.0
      turbo-linux-64: 1.9.0
      turbo-linux-arm64: 1.9.0
      turbo-windows-64: 1.9.0
      turbo-windows-arm64: 1.9.0
    dev: true

  /typescript/5.0.4:
    resolution: {integrity: sha512-cW9T5W9xY37cc+jfEnaUvX91foxtHkza3Nw3wkoF4sSlKn0MONdkdEndig/qPBWXNkmplh3NzayQzCiHM4/hqw==}
    engines: {node: '>=12.20'}
    hasBin: true
    dev: true
